
Microsoft Visual Studio Solution File, Format Version 12.00
# Visual Studio Version 17
VisualStudioVersion = 17.14.36603.0
MinimumVisualStudioVersion = 10.0.40219.1
Project("{2150E333-8FDC-42A3-9474-1A3956D46DE8}") = "Docs", "Docs", "{02EA681E-C7D8-13C7-8484-4AC65E1B71E8}"
	ProjectSection(SolutionItems) = preProject
		ScriptRunner.md = ScriptRunner.md
	EndProjectSection
EndProject
Project("{FAE04EC0-301F-11D3-BF4B-00C04F79EFBC}") = "ScriptRunner.Core", "ScriptRunner.Core\ScriptRunner.Core.csproj", "{D0383CCB-44B4-7B9F-9C4D-7FC239B38C42}"
EndProject
Project("{FAE04EC0-301F-11D3-BF4B-00C04F79EFBC}") = "ScriptRunner.Service", "ScriptRunner.Service\ScriptRunner.Service.csproj", "{996D5CAC-0E67-F356-C772-B7D7F14185F5}"
EndProject
Project("{FAE04EC0-301F-11D3-BF4B-00C04F79EFBC}") = "ScriptRunner.Tests", "ScriptRunner.Tests\ScriptRunner.Tests.csproj", "{6009765A-A3F7-DA45-ADD6-07E8CC44DC84}"
EndProject
Global
	GlobalSection(SolutionConfigurationPlatforms) = preSolution
		Debug|Any CPU = Debug|Any CPU
		Release|Any CPU = Release|Any CPU
	EndGlobalSection
	GlobalSection(ProjectConfigurationPlatforms) = postSolution
		{D0383CCB-44B4-7B9F-9C4D-7FC239B38C42}.Debug|Any CPU.ActiveCfg = Debug|Any CPU
		{D0383CCB-44B4-7B9F-9C4D-7FC239B38C42}.Debug|Any CPU.Build.0 = Debug|Any CPU
		{D0383CCB-44B4-7B9F-9C4D-7FC239B38C42}.Release|Any CPU.ActiveCfg = Release|Any CPU
		{D0383CCB-44B4-7B9F-9C4D-7FC239B38C42}.Release|Any CPU.Build.0 = Release|Any CPU
		{996D5CAC-0E67-F356-C772-B7D7F14185F5}.Debug|Any CPU.ActiveCfg = Debug|Any CPU
		{996D5CAC-0E67-F356-C772-B7D7F14185F5}.Debug|Any CPU.Build.0 = Debug|Any CPU
		{996D5CAC-0E67-F356-C772-B7D7F14185F5}.Release|Any CPU.ActiveCfg = Release|Any CPU
		{996D5CAC-0E67-F356-C772-B7D7F14185F5}.Release|Any CPU.Build.0 = Release|Any CPU
		{6009765A-A3F7-DA45-ADD6-07E8CC44DC84}.Debug|Any CPU.ActiveCfg = Debug|Any CPU
		{6009765A-A3F7-DA45-ADD6-07E8CC44DC84}.Debug|Any CPU.Build.0 = Debug|Any CPU
		{6009765A-A3F7-DA45-ADD6-07E8CC44DC84}.Release|Any CPU.ActiveCfg = Release|Any CPU
		{6009765A-A3F7-DA45-ADD6-07E8CC44DC84}.Release|Any CPU.Build.0 = Release|Any CPU
	EndGlobalSection
	GlobalSection(SolutionProperties) = preSolution
		HideSolutionNode = FALSE
	EndGlobalSection
	GlobalSection(ExtensibilityGlobals) = postSolution
		SolutionGuid = {E9FA9DE1-D34D-4D16-BD93-758AE0050FA9}
	EndGlobalSection
EndGlobal
